
Microsoft Visual Studio Solution File, Format Version 12.00
# Visual Studio Version 17
VisualStudioVersion = 17.5.002.0
MinimumVisualStudioVersion = 10.0.40219.1
Project("{9A19103F-16F7-4668-BE54-9A1E7A4F7556}") = "Todo", "Todo.csproj", "{B8648F69-69C2-4B04-A000-F27EB5F52584}"
EndProject
Global
	GlobalSection(SolutionConfigurationPlatforms) = preSolution
		Debug|Any CPU = Debug|Any CPU
		Release|Any CPU = Release|Any CPU
	EndGlobalSection
	GlobalSection(ProjectConfigurationPlatforms) = postSolution
		{B8648F69-69C2-4B04-A000-F27EB5F52584}.Debug|Any CPU.ActiveCfg = Debug|Any CPU
		{B8648F69-69C2-4B04-A000-F27EB5F52584}.Debug|Any CPU.Build.0 = Debug|Any CPU
		{B8648F69-69C2-4B04-A000-F27EB5F52584}.Release|Any CPU.ActiveCfg = Release|Any CPU
		{B8648F69-69C2-4B04-A000-F27EB5F52584}.Release|Any CPU.Build.0 = Release|Any CPU
	EndGlobalSection
	GlobalSection(SolutionProperties) = preSolution
		HideSolutionNode = FALSE
	EndGlobalSection
	GlobalSection(ExtensibilityGlobals) = postSolution
		SolutionGuid = {8AEFA32F-3EC6-468B-953F-B496EDFBA05A}
	EndGlobalSection
EndGlobal
